
Microsoft Visual Studio Solution File, Format Version 12.00
# Visual Studio Version 17
VisualStudioVersion = 17.6.33717.318
MinimumVisualStudioVersion = 10.0.40219.1
Project("{FAE04EC0-301F-11D3-BF4B-00C04F79EFBC}") = "LifeCellsWeb", "LifeCellsWeb\LifeCellsWeb.csproj", "{BED9438B-599F-45CD-8B16-B75A10E665FD}"
EndProject
Global
	GlobalSection(SolutionConfigurationPlatforms) = preSolution
		Debug|Any CPU = Debug|Any CPU
		Release|Any CPU = Release|Any CPU
	EndGlobalSection
	GlobalSection(ProjectConfigurationPlatforms) = postSolution
		{BED9438B-599F-45CD-8B16-B75A10E665FD}.Debug|Any CPU.ActiveCfg = Debug|Any CPU
		{BED9438B-599F-45CD-8B16-B75A10E665FD}.Debug|Any CPU.Build.0 = Debug|Any CPU
		{BED9438B-599F-45CD-8B16-B75A10E665FD}.Release|Any CPU.ActiveCfg = Release|Any CPU
		{BED9438B-599F-45CD-8B16-B75A10E665FD}.Release|Any CPU.Build.0 = Release|Any CPU
	EndGlobalSection
	GlobalSection(SolutionProperties) = preSolution
		HideSolutionNode = FALSE
	EndGlobalSection
	GlobalSection(ExtensibilityGlobals) = postSolution
		SolutionGuid = {289A295C-3ACA-42F0-93F1-FFE64B14994F}
	EndGlobalSection
EndGlobal
